
Microsoft Visual Studio Solution File, Format Version 12.00
# Visual Studio 15
VisualStudioVersion = 15.0.26124.0
MinimumVisualStudioVersion = 15.0.26124.0
Project("{FAE04EC0-301F-11D3-BF4B-00C04F79EFBC}") = "SakilaHomework", "SakilaHomework\SakilaHomework.csproj", "{3E30A620-24D2-453C-A5F6-57EB5036DB43}"
EndProject
Project("{FAE04EC0-301F-11D3-BF4B-00C04F79EFBC}") = "ExTree", "..\XLinq\ExTree\ExTree.csproj", "{6B8A3E67-3606-4C78-96DC-B40566C81D9E}"
EndProject
Project("{FAE04EC0-301F-11D3-BF4B-00C04F79EFBC}") = "SQLGrammar", "..\XLinq\SQLGrammar\SQLGrammar.csproj", "{AABE18F7-C5CA-45AE-A2A9-4AB4EACF08BD}"
EndProject
Project("{FAE04EC0-301F-11D3-BF4B-00C04F79EFBC}") = "SQL.Net", "..\XLinq\SQL.Net\SQL.Net.csproj", "{6B2ADB8A-F613-4CAC-9B96-9582AD00B590}"
EndProject
Project("{FAE04EC0-301F-11D3-BF4B-00C04F79EFBC}") = "SQL.Net.EFCore", "..\XLinq\SQL.Net.EFCore\SQL.Net.EFCore.csproj", "{F4A1A23F-8060-4C9E-911A-2611DF61C03D}"
EndProject
Project("{FAE04EC0-301F-11D3-BF4B-00C04F79EFBC}") = "Models", "Models\Models.csproj", "{C2122361-BAF2-4DD9-AD57-8CC61F2F0185}"
EndProject
Project("{FAE04EC0-301F-11D3-BF4B-00C04F79EFBC}") = "SqlServerTutorial", "SqlServerTutorial\SqlServerTutorial.csproj", "{BC6D61EE-2C29-41FE-BC02-9A8BAD4CCB2B}"
EndProject
Global
	GlobalSection(SolutionConfigurationPlatforms) = preSolution
		Debug|Any CPU = Debug|Any CPU
		Debug|x64 = Debug|x64
		Debug|x86 = Debug|x86
		Release|Any CPU = Release|Any CPU
		Release|x64 = Release|x64
		Release|x86 = Release|x86
	EndGlobalSection
	GlobalSection(SolutionProperties) = preSolution
		HideSolutionNode = FALSE
	EndGlobalSection
	GlobalSection(ProjectConfigurationPlatforms) = postSolution
		{3E30A620-24D2-453C-A5F6-57EB5036DB43}.Debug|Any CPU.ActiveCfg = Debug|Any CPU
		{3E30A620-24D2-453C-A5F6-57EB5036DB43}.Debug|Any CPU.Build.0 = Debug|Any CPU
		{3E30A620-24D2-453C-A5F6-57EB5036DB43}.Debug|x64.ActiveCfg = Debug|Any CPU
		{3E30A620-24D2-453C-A5F6-57EB5036DB43}.Debug|x64.Build.0 = Debug|Any CPU
		{3E30A620-24D2-453C-A5F6-57EB5036DB43}.Debug|x86.ActiveCfg = Debug|Any CPU
		{3E30A620-24D2-453C-A5F6-57EB5036DB43}.Debug|x86.Build.0 = Debug|Any CPU
		{3E30A620-24D2-453C-A5F6-57EB5036DB43}.Release|Any CPU.ActiveCfg = Release|Any CPU
		{3E30A620-24D2-453C-A5F6-57EB5036DB43}.Release|Any CPU.Build.0 = Release|Any CPU
		{3E30A620-24D2-453C-A5F6-57EB5036DB43}.Release|x64.ActiveCfg = Release|Any CPU
		{3E30A620-24D2-453C-A5F6-57EB5036DB43}.Release|x64.Build.0 = Release|Any CPU
		{3E30A620-24D2-453C-A5F6-57EB5036DB43}.Release|x86.ActiveCfg = Release|Any CPU
		{3E30A620-24D2-453C-A5F6-57EB5036DB43}.Release|x86.Build.0 = Release|Any CPU
		{6B8A3E67-3606-4C78-96DC-B40566C81D9E}.Debug|Any CPU.ActiveCfg = Debug|Any CPU
		{6B8A3E67-3606-4C78-96DC-B40566C81D9E}.Debug|Any CPU.Build.0 = Debug|Any CPU
		{6B8A3E67-3606-4C78-96DC-B40566C81D9E}.Debug|x64.ActiveCfg = Debug|Any CPU
		{6B8A3E67-3606-4C78-96DC-B40566C81D9E}.Debug|x64.Build.0 = Debug|Any CPU
		{6B8A3E67-3606-4C78-96DC-B40566C81D9E}.Debug|x86.ActiveCfg = Debug|Any CPU
		{6B8A3E67-3606-4C78-96DC-B40566C81D9E}.Debug|x86.Build.0 = Debug|Any CPU
		{6B8A3E67-3606-4C78-96DC-B40566C81D9E}.Release|Any CPU.ActiveCfg = Release|Any CPU
		{6B8A3E67-3606-4C78-96DC-B40566C81D9E}.Release|Any CPU.Build.0 = Release|Any CPU
		{6B8A3E67-3606-4C78-96DC-B40566C81D9E}.Release|x64.ActiveCfg = Release|Any CPU
		{6B8A3E67-3606-4C78-96DC-B40566C81D9E}.Release|x64.Build.0 = Release|Any CPU
		{6B8A3E67-3606-4C78-96DC-B40566C81D9E}.Release|x86.ActiveCfg = Release|Any CPU
		{6B8A3E67-3606-4C78-96DC-B40566C81D9E}.Release|x86.Build.0 = Release|Any CPU
		{AABE18F7-C5CA-45AE-A2A9-4AB4EACF08BD}.Debug|Any CPU.ActiveCfg = Debug|Any CPU
		{AABE18F7-C5CA-45AE-A2A9-4AB4EACF08BD}.Debug|Any CPU.Build.0 = Debug|Any CPU
		{AABE18F7-C5CA-45AE-A2A9-4AB4EACF08BD}.Debug|x64.ActiveCfg = Debug|Any CPU
		{AABE18F7-C5CA-45AE-A2A9-4AB4EACF08BD}.Debug|x64.Build.0 = Debug|Any CPU
		{AABE18F7-C5CA-45AE-A2A9-4AB4EACF08BD}.Debug|x86.ActiveCfg = Debug|Any CPU
		{AABE18F7-C5CA-45AE-A2A9-4AB4EACF08BD}.Debug|x86.Build.0 = Debug|Any CPU
		{AABE18F7-C5CA-45AE-A2A9-4AB4EACF08BD}.Release|Any CPU.ActiveCfg = Release|Any CPU
		{AABE18F7-C5CA-45AE-A2A9-4AB4EACF08BD}.Release|Any CPU.Build.0 = Release|Any CPU
		{AABE18F7-C5CA-45AE-A2A9-4AB4EACF08BD}.Release|x64.ActiveCfg = Release|Any CPU
		{AABE18F7-C5CA-45AE-A2A9-4AB4EACF08BD}.Release|x64.Build.0 = Release|Any CPU
		{AABE18F7-C5CA-45AE-A2A9-4AB4EACF08BD}.Release|x86.ActiveCfg = Release|Any CPU
		{AABE18F7-C5CA-45AE-A2A9-4AB4EACF08BD}.Release|x86.Build.0 = Release|Any CPU
		{6B2ADB8A-F613-4CAC-9B96-9582AD00B590}.Debug|Any CPU.ActiveCfg = Debug|Any CPU
		{6B2ADB8A-F613-4CAC-9B96-9582AD00B590}.Debug|Any CPU.Build.0 = Debug|Any CPU
		{6B2ADB8A-F613-4CAC-9B96-9582AD00B590}.Debug|x64.ActiveCfg = Debug|Any CPU
		{6B2ADB8A-F613-4CAC-9B96-9582AD00B590}.Debug|x64.Build.0 = Debug|Any CPU
		{6B2ADB8A-F613-4CAC-9B96-9582AD00B590}.Debug|x86.ActiveCfg = Debug|Any CPU
		{6B2ADB8A-F613-4CAC-9B96-9582AD00B590}.Debug|x86.Build.0 = Debug|Any CPU
		{6B2ADB8A-F613-4CAC-9B96-9582AD00B590}.Release|Any CPU.ActiveCfg = Release|Any CPU
		{6B2ADB8A-F613-4CAC-9B96-9582AD00B590}.Release|Any CPU.Build.0 = Release|Any CPU
		{6B2ADB8A-F613-4CAC-9B96-9582AD00B590}.Release|x64.ActiveCfg = Release|Any CPU
		{6B2ADB8A-F613-4CAC-9B96-9582AD00B590}.Release|x64.Build.0 = Release|Any CPU
		{6B2ADB8A-F613-4CAC-9B96-9582AD00B590}.Release|x86.ActiveCfg = Release|Any CPU
		{6B2ADB8A-F613-4CAC-9B96-9582AD00B590}.Release|x86.Build.0 = Release|Any CPU
		{F4A1A23F-8060-4C9E-911A-2611DF61C03D}.Debug|Any CPU.ActiveCfg = Debug|Any CPU
		{F4A1A23F-8060-4C9E-911A-2611DF61C03D}.Debug|Any CPU.Build.0 = Debug|Any CPU
		{F4A1A23F-8060-4C9E-911A-2611DF61C03D}.Debug|x64.ActiveCfg = Debug|Any CPU
		{F4A1A23F-8060-4C9E-911A-2611DF61C03D}.Debug|x64.Build.0 = Debug|Any CPU
		{F4A1A23F-8060-4C9E-911A-2611DF61C03D}.Debug|x86.ActiveCfg = Debug|Any CPU
		{F4A1A23F-8060-4C9E-911A-2611DF61C03D}.Debug|x86.Build.0 = Debug|Any CPU
		{F4A1A23F-8060-4C9E-911A-2611DF61C03D}.Release|Any CPU.ActiveCfg = Release|Any CPU
		{F4A1A23F-8060-4C9E-911A-2611DF61C03D}.Release|Any CPU.Build.0 = Release|Any CPU
		{F4A1A23F-8060-4C9E-911A-2611DF61C03D}.Release|x64.ActiveCfg = Release|Any CPU
		{F4A1A23F-8060-4C9E-911A-2611DF61C03D}.Release|x64.Build.0 = Release|Any CPU
		{F4A1A23F-8060-4C9E-911A-2611DF61C03D}.Release|x86.ActiveCfg = Release|Any CPU
		{F4A1A23F-8060-4C9E-911A-2611DF61C03D}.Release|x86.Build.0 = Release|Any CPU
		{C2122361-BAF2-4DD9-AD57-8CC61F2F0185}.Debug|Any CPU.ActiveCfg = Debug|Any CPU
		{C2122361-BAF2-4DD9-AD57-8CC61F2F0185}.Debug|Any CPU.Build.0 = Debug|Any CPU
		{C2122361-BAF2-4DD9-AD57-8CC61F2F0185}.Debug|x64.ActiveCfg = Debug|Any CPU
		{C2122361-BAF2-4DD9-AD57-8CC61F2F0185}.Debug|x64.Build.0 = Debug|Any CPU
		{C2122361-BAF2-4DD9-AD57-8CC61F2F0185}.Debug|x86.ActiveCfg = Debug|Any CPU
		{C2122361-BAF2-4DD9-AD57-8CC61F2F0185}.Debug|x86.Build.0 = Debug|Any CPU
		{C2122361-BAF2-4DD9-AD57-8CC61F2F0185}.Release|Any CPU.ActiveCfg = Release|Any CPU
		{C2122361-BAF2-4DD9-AD57-8CC61F2F0185}.Release|Any CPU.Build.0 = Release|Any CPU
		{C2122361-BAF2-4DD9-AD57-8CC61F2F0185}.Release|x64.ActiveCfg = Release|Any CPU
		{C2122361-BAF2-4DD9-AD57-8CC61F2F0185}.Release|x64.Build.0 = Release|Any CPU
		{C2122361-BAF2-4DD9-AD57-8CC61F2F0185}.Release|x86.ActiveCfg = Release|Any CPU
		{C2122361-BAF2-4DD9-AD57-8CC61F2F0185}.Release|x86.Build.0 = Release|Any CPU
		{BC6D61EE-2C29-41FE-BC02-9A8BAD4CCB2B}.Debug|Any CPU.ActiveCfg = Debug|Any CPU
		{BC6D61EE-2C29-41FE-BC02-9A8BAD4CCB2B}.Debug|Any CPU.Build.0 = Debug|Any CPU
		{BC6D61EE-2C29-41FE-BC02-9A8BAD4CCB2B}.Debug|x64.ActiveCfg = Debug|Any CPU
		{BC6D61EE-2C29-41FE-BC02-9A8BAD4CCB2B}.Debug|x64.Build.0 = Debug|Any CPU
		{BC6D61EE-2C29-41FE-BC02-9A8BAD4CCB2B}.Debug|x86.ActiveCfg = Debug|Any CPU
		{BC6D61EE-2C29-41FE-BC02-9A8BAD4CCB2B}.Debug|x86.Build.0 = Debug|Any CPU
		{BC6D61EE-2C29-41FE-BC02-9A8BAD4CCB2B}.Release|Any CPU.ActiveCfg = Release|Any CPU
		{BC6D61EE-2C29-41FE-BC02-9A8BAD4CCB2B}.Release|Any CPU.Build.0 = Release|Any CPU
		{BC6D61EE-2C29-41FE-BC02-9A8BAD4CCB2B}.Release|x64.ActiveCfg = Release|Any CPU
		{BC6D61EE-2C29-41FE-BC02-9A8BAD4CCB2B}.Release|x64.Build.0 = Release|Any CPU
		{BC6D61EE-2C29-41FE-BC02-9A8BAD4CCB2B}.Release|x86.ActiveCfg = Release|Any CPU
		{BC6D61EE-2C29-41FE-BC02-9A8BAD4CCB2B}.Release|x86.Build.0 = Release|Any CPU
	EndGlobalSection
EndGlobal
